
Microsoft Visual Studio Solution File, Format Version 12.00
# Visual Studio 2013
VisualStudioVersion = 12.0.40629.0
MinimumVisualStudioVersion = 10.0.40219.1
Project("{FAE04EC0-301F-11D3-BF4B-00C04F79EFBC}") = "Core", "Core\Core.csproj", "{2FDE2DC0-F1DC-4090-84CD-58C0204CC63D}"
EndProject
Project("{FAE04EC0-301F-11D3-BF4B-00C04F79EFBC}") = "Analyzer", "Analyzer\Analyzer.csproj", "{84935330-8317-467A-BD8F-84DE34A06905}"
EndProject
Project("{FAE04EC0-301F-11D3-BF4B-00C04F79EFBC}") = "Visualizer", "Visualizer\Visualizer.csproj", "{DB615380-3D2B-49A1-8E55-EF6EB65FC40E}"
EndProject
Project("{FAE04EC0-301F-11D3-BF4B-00C04F79EFBC}") = "DebuggerVisualizer.12.0", "DebuggerVisualizer.12.0\DebuggerVisualizer.12.0.csproj", "{F30566BA-133F-4C6B-ABB9-99125069E213}"
EndProject
Project("{FAE04EC0-301F-11D3-BF4B-00C04F79EFBC}") = "DebuggerVisualizer.14.0", "DebuggerVisualizer.14.0\DebuggerVisualizer.14.0.csproj", "{AA46CCAF-97C8-4D9F-B675-B6ECB0DCC1AF}"
EndProject
Project("{2150E333-8FDC-42A3-9474-1A3956D46DE8}") = "Libs", "Libs", "{929CB683-D1A5-4009-B038-6847B991E483}"
	ProjectSection(SolutionItems) = preProject
		Libs\FastAccessors.dll = Libs\FastAccessors.dll
	EndProjectSection
EndProject
Global
	GlobalSection(SolutionConfigurationPlatforms) = preSolution
		Debug|Any CPU = Debug|Any CPU
		DebugTest|Any CPU = DebugTest|Any CPU
		Release|Any CPU = Release|Any CPU
	EndGlobalSection
	GlobalSection(ProjectConfigurationPlatforms) = postSolution
		{2FDE2DC0-F1DC-4090-84CD-58C0204CC63D}.Debug|Any CPU.ActiveCfg = Debug|Any CPU
		{2FDE2DC0-F1DC-4090-84CD-58C0204CC63D}.Debug|Any CPU.Build.0 = Debug|Any CPU
		{2FDE2DC0-F1DC-4090-84CD-58C0204CC63D}.DebugTest|Any CPU.ActiveCfg = DebugTest|Any CPU
		{2FDE2DC0-F1DC-4090-84CD-58C0204CC63D}.DebugTest|Any CPU.Build.0 = DebugTest|Any CPU
		{2FDE2DC0-F1DC-4090-84CD-58C0204CC63D}.Release|Any CPU.ActiveCfg = Release|Any CPU
		{2FDE2DC0-F1DC-4090-84CD-58C0204CC63D}.Release|Any CPU.Build.0 = Release|Any CPU
		{84935330-8317-467A-BD8F-84DE34A06905}.Debug|Any CPU.ActiveCfg = Debug|Any CPU
		{84935330-8317-467A-BD8F-84DE34A06905}.Debug|Any CPU.Build.0 = Debug|Any CPU
		{84935330-8317-467A-BD8F-84DE34A06905}.DebugTest|Any CPU.ActiveCfg = DebugTest|Any CPU
		{84935330-8317-467A-BD8F-84DE34A06905}.DebugTest|Any CPU.Build.0 = DebugTest|Any CPU
		{84935330-8317-467A-BD8F-84DE34A06905}.Release|Any CPU.ActiveCfg = Release|Any CPU
		{84935330-8317-467A-BD8F-84DE34A06905}.Release|Any CPU.Build.0 = Release|Any CPU
		{DB615380-3D2B-49A1-8E55-EF6EB65FC40E}.Debug|Any CPU.ActiveCfg = Debug|Any CPU
		{DB615380-3D2B-49A1-8E55-EF6EB65FC40E}.Debug|Any CPU.Build.0 = Debug|Any CPU
		{DB615380-3D2B-49A1-8E55-EF6EB65FC40E}.DebugTest|Any CPU.ActiveCfg = DebugTest|Any CPU
		{DB615380-3D2B-49A1-8E55-EF6EB65FC40E}.DebugTest|Any CPU.Build.0 = DebugTest|Any CPU
		{DB615380-3D2B-49A1-8E55-EF6EB65FC40E}.Release|Any CPU.ActiveCfg = Release|Any CPU
		{DB615380-3D2B-49A1-8E55-EF6EB65FC40E}.Release|Any CPU.Build.0 = Release|Any CPU
		{F30566BA-133F-4C6B-ABB9-99125069E213}.Debug|Any CPU.ActiveCfg = Debug|Any CPU
		{F30566BA-133F-4C6B-ABB9-99125069E213}.Debug|Any CPU.Build.0 = Debug|Any CPU
		{F30566BA-133F-4C6B-ABB9-99125069E213}.DebugTest|Any CPU.ActiveCfg = DebugTest|Any CPU
		{F30566BA-133F-4C6B-ABB9-99125069E213}.DebugTest|Any CPU.Build.0 = DebugTest|Any CPU
		{F30566BA-133F-4C6B-ABB9-99125069E213}.Release|Any CPU.ActiveCfg = Release|Any CPU
		{F30566BA-133F-4C6B-ABB9-99125069E213}.Release|Any CPU.Build.0 = Release|Any CPU
		{AA46CCAF-97C8-4D9F-B675-B6ECB0DCC1AF}.Debug|Any CPU.ActiveCfg = Debug|Any CPU
		{AA46CCAF-97C8-4D9F-B675-B6ECB0DCC1AF}.Debug|Any CPU.Build.0 = Debug|Any CPU
		{AA46CCAF-97C8-4D9F-B675-B6ECB0DCC1AF}.DebugTest|Any CPU.ActiveCfg = DebugTest|Any CPU
		{AA46CCAF-97C8-4D9F-B675-B6ECB0DCC1AF}.DebugTest|Any CPU.Build.0 = DebugTest|Any CPU
		{AA46CCAF-97C8-4D9F-B675-B6ECB0DCC1AF}.Release|Any CPU.ActiveCfg = Release|Any CPU
		{AA46CCAF-97C8-4D9F-B675-B6ECB0DCC1AF}.Release|Any CPU.Build.0 = Release|Any CPU
	EndGlobalSection
	GlobalSection(SolutionProperties) = preSolution
		HideSolutionNode = FALSE
	EndGlobalSection
EndGlobal
