
Microsoft Visual Studio Solution File, Format Version 12.00
# Visual Studio 2012
Project("{FAE04EC0-301F-11D3-BF4B-00C04F79EFBC}") = "Core", "Core\Core.csproj", "{2FDE2DC0-F1DC-4090-84CD-58C0204CC63D}"
EndProject
Global
	GlobalSection(SolutionConfigurationPlatforms) = preSolution
		Debug|Any CPU = Debug|Any CPU
		Release|Any CPU = Release|Any CPU
	EndGlobalSection
	GlobalSection(ProjectConfigurationPlatforms) = postSolution
		{2FDE2DC0-F1DC-4090-84CD-58C0204CC63D}.Debug|Any CPU.ActiveCfg = Debug|Any CPU
		{2FDE2DC0-F1DC-4090-84CD-58C0204CC63D}.Debug|Any CPU.Build.0 = Debug|Any CPU
		{2FDE2DC0-F1DC-4090-84CD-58C0204CC63D}.Release|Any CPU.ActiveCfg = Release|Any CPU
		{2FDE2DC0-F1DC-4090-84CD-58C0204CC63D}.Release|Any CPU.Build.0 = Release|Any CPU
	EndGlobalSection
	GlobalSection(SolutionProperties) = preSolution
		HideSolutionNode = FALSE
	EndGlobalSection
EndGlobal
